{
    "name": "beer-wise",
    "version": "1.0.0",
    "lockfileVersion": 1,
    "dependencies": {
        "angular-animate": {
            "version": "1.6.5",
            "resolved": "https://registry.npmjs.org/angular-animate/-/angular-animate-1.6.5.tgz",
            "integrity": "sha1-OBfHWIDQX8iZpsjUsJ0cxipx6To="
        }
    }
}
